
Microsoft Visual Studio Solution File, Format Version 12.00
# Visual Studio 15
Project("{FAE04EC0-301F-11D3-BF4B-00C04F79EFBC}") = "Assembly-CSharp", "Assembly-CSharp.csproj", "{2CCD3393-BA24-2825-12EF-84C92F87FCBA}"
EndProject
Project("{FAE04EC0-301F-11D3-BF4B-00C04F79EFBC}") = "Assembly-CSharp-Editor", "Assembly-CSharp-Editor.csproj", "{C2DCFC38-43B7-2E63-8E1A-5F1A076A0CD5}"
EndProject
Global
	GlobalSection(SolutionConfigurationPlatforms) = preSolution
		Debug|Any CPU = Debug|Any CPU
		Release|Any CPU = Release|Any CPU
	EndGlobalSection
	GlobalSection(ProjectConfigurationPlatforms) = postSolution
		{2CCD3393-BA24-2825-12EF-84C92F87FCBA}.Debug|Any CPU.ActiveCfg = Debug|Any CPU
		{2CCD3393-BA24-2825-12EF-84C92F87FCBA}.Debug|Any CPU.Build.0 = Debug|Any CPU
		{2CCD3393-BA24-2825-12EF-84C92F87FCBA}.Release|Any CPU.ActiveCfg = Release|Any CPU
		{2CCD3393-BA24-2825-12EF-84C92F87FCBA}.Release|Any CPU.Build.0 = Release|Any CPU
		{C2DCFC38-43B7-2E63-8E1A-5F1A076A0CD5}.Debug|Any CPU.ActiveCfg = Debug|Any CPU
		{C2DCFC38-43B7-2E63-8E1A-5F1A076A0CD5}.Debug|Any CPU.Build.0 = Debug|Any CPU
		{C2DCFC38-43B7-2E63-8E1A-5F1A076A0CD5}.Release|Any CPU.ActiveCfg = Release|Any CPU
		{C2DCFC38-43B7-2E63-8E1A-5F1A076A0CD5}.Release|Any CPU.Build.0 = Release|Any CPU
	EndGlobalSection
	GlobalSection(SolutionProperties) = preSolution
		HideSolutionNode = FALSE
	EndGlobalSection
EndGlobal
